
Microsoft Visual Studio Solution File, Format Version 12.00
# Visual Studio Version 16
Project("{8BC9CEB8-8B4A-11D0-8D11-00A0C91BC942}") = "ALL_BUILD", "ALL_BUILD.vcxproj", "{5391BE63-4D48-3982-AD5A-57F0D3C0895D}"
	ProjectSection(ProjectDependencies) = postProject
		{5466AE62-9D1C-368B-AE6C-43ABCA3EFE6C} = {5466AE62-9D1C-368B-AE6C-43ABCA3EFE6C}
		{DB27937E-F6B3-32F2-AEF0-1095F40E6B3C} = {DB27937E-F6B3-32F2-AEF0-1095F40E6B3C}
		{7F6F7F05-9671-313E-AB8B-03DA8A9DFAE1} = {7F6F7F05-9671-313E-AB8B-03DA8A9DFAE1}
		{06DE5E48-AB8C-37A8-8362-D6FCA3A96F47} = {06DE5E48-AB8C-37A8-8362-D6FCA3A96F47}
		{F8498110-57E9-37E2-B00B-027C6921D7BC} = {F8498110-57E9-37E2-B00B-027C6921D7BC}
	EndProjectSection
EndProject
Project("{8BC9CEB8-8B4A-11D0-8D11-00A0C91BC942}") = "ZERO_CHECK", "ZERO_CHECK.vcxproj", "{5466AE62-9D1C-368B-AE6C-43ABCA3EFE6C}"
	ProjectSection(ProjectDependencies) = postProject
	EndProjectSection
EndProject
Project("{8BC9CEB8-8B4A-11D0-8D11-00A0C91BC942}") = "gtest", "gtest\gtest.vcxproj", "{DB27937E-F6B3-32F2-AEF0-1095F40E6B3C}"
	ProjectSection(ProjectDependencies) = postProject
		{5466AE62-9D1C-368B-AE6C-43ABCA3EFE6C} = {5466AE62-9D1C-368B-AE6C-43ABCA3EFE6C}
	EndProjectSection
EndProject
Project("{8BC9CEB8-8B4A-11D0-8D11-00A0C91BC942}") = "tables", "src\tables.vcxproj", "{7F6F7F05-9671-313E-AB8B-03DA8A9DFAE1}"
	ProjectSection(ProjectDependencies) = postProject
		{5466AE62-9D1C-368B-AE6C-43ABCA3EFE6C} = {5466AE62-9D1C-368B-AE6C-43ABCA3EFE6C}
	EndProjectSection
EndProject
Project("{8BC9CEB8-8B4A-11D0-8D11-00A0C91BC942}") = "tables_sample", "samples\tables_sample.vcxproj", "{06DE5E48-AB8C-37A8-8362-D6FCA3A96F47}"
	ProjectSection(ProjectDependencies) = postProject
		{5466AE62-9D1C-368B-AE6C-43ABCA3EFE6C} = {5466AE62-9D1C-368B-AE6C-43ABCA3EFE6C}
		{7F6F7F05-9671-313E-AB8B-03DA8A9DFAE1} = {7F6F7F05-9671-313E-AB8B-03DA8A9DFAE1}
	EndProjectSection
EndProject
Project("{8BC9CEB8-8B4A-11D0-8D11-00A0C91BC942}") = "tables_test", "tests\tables_test.vcxproj", "{F8498110-57E9-37E2-B00B-027C6921D7BC}"
	ProjectSection(ProjectDependencies) = postProject
		{5466AE62-9D1C-368B-AE6C-43ABCA3EFE6C} = {5466AE62-9D1C-368B-AE6C-43ABCA3EFE6C}
		{DB27937E-F6B3-32F2-AEF0-1095F40E6B3C} = {DB27937E-F6B3-32F2-AEF0-1095F40E6B3C}
		{7F6F7F05-9671-313E-AB8B-03DA8A9DFAE1} = {7F6F7F05-9671-313E-AB8B-03DA8A9DFAE1}
	EndProjectSection
EndProject
Global
	GlobalSection(SolutionConfigurationPlatforms) = preSolution
		Debug|x64 = Debug|x64
		Release|x64 = Release|x64
	EndGlobalSection
	GlobalSection(ProjectConfigurationPlatforms) = postSolution
		{5391BE63-4D48-3982-AD5A-57F0D3C0895D}.Debug|x64.ActiveCfg = Debug|x64
		{5391BE63-4D48-3982-AD5A-57F0D3C0895D}.Release|x64.ActiveCfg = Release|x64
		{5466AE62-9D1C-368B-AE6C-43ABCA3EFE6C}.Debug|x64.ActiveCfg = Debug|x64
		{5466AE62-9D1C-368B-AE6C-43ABCA3EFE6C}.Debug|x64.Build.0 = Debug|x64
		{5466AE62-9D1C-368B-AE6C-43ABCA3EFE6C}.Release|x64.ActiveCfg = Release|x64
		{5466AE62-9D1C-368B-AE6C-43ABCA3EFE6C}.Release|x64.Build.0 = Release|x64
		{DB27937E-F6B3-32F2-AEF0-1095F40E6B3C}.Debug|x64.ActiveCfg = Debug|x64
		{DB27937E-F6B3-32F2-AEF0-1095F40E6B3C}.Debug|x64.Build.0 = Debug|x64
		{DB27937E-F6B3-32F2-AEF0-1095F40E6B3C}.Release|x64.ActiveCfg = Release|x64
		{DB27937E-F6B3-32F2-AEF0-1095F40E6B3C}.Release|x64.Build.0 = Release|x64
		{7F6F7F05-9671-313E-AB8B-03DA8A9DFAE1}.Debug|x64.ActiveCfg = Debug|x64
		{7F6F7F05-9671-313E-AB8B-03DA8A9DFAE1}.Debug|x64.Build.0 = Debug|x64
		{7F6F7F05-9671-313E-AB8B-03DA8A9DFAE1}.Release|x64.ActiveCfg = Release|x64
		{7F6F7F05-9671-313E-AB8B-03DA8A9DFAE1}.Release|x64.Build.0 = Release|x64
		{06DE5E48-AB8C-37A8-8362-D6FCA3A96F47}.Debug|x64.ActiveCfg = Debug|x64
		{06DE5E48-AB8C-37A8-8362-D6FCA3A96F47}.Debug|x64.Build.0 = Debug|x64
		{06DE5E48-AB8C-37A8-8362-D6FCA3A96F47}.Release|x64.ActiveCfg = Release|x64
		{06DE5E48-AB8C-37A8-8362-D6FCA3A96F47}.Release|x64.Build.0 = Release|x64
		{F8498110-57E9-37E2-B00B-027C6921D7BC}.Debug|x64.ActiveCfg = Debug|x64
		{F8498110-57E9-37E2-B00B-027C6921D7BC}.Debug|x64.Build.0 = Debug|x64
		{F8498110-57E9-37E2-B00B-027C6921D7BC}.Release|x64.ActiveCfg = Release|x64
		{F8498110-57E9-37E2-B00B-027C6921D7BC}.Release|x64.Build.0 = Release|x64
	EndGlobalSection
	GlobalSection(ExtensibilityGlobals) = postSolution
		SolutionGuid = {C3B561DA-108C-3F31-9E52-DC7004586911}
	EndGlobalSection
	GlobalSection(ExtensibilityAddIns) = postSolution
	EndGlobalSection
EndGlobal
