<?xml version="1.0" encoding="utf-8"?>
<Project ToolsVersion="16.0" xmlns="http://schemas.microsoft.com/developer/msbuild/2003">
  <ItemGroup>
    <CustomBuild Include="C:\Game\Proga\mp2-practice\ShipilovAY\02_lab_table\sln\CMakeFiles\f6f2bfaf4e9335c7ef27808e5c65645b\generate.stamp.rule">
      <Filter>CMake Rules</Filter>
    </CustomBuild>
  </ItemGroup>
  <ItemGroup>
    <Filter Include="CMake Rules">
      <UniqueIdentifier>{A0EA0672-0B08-3CF3-9430-D2286D6BE3C1}</UniqueIdentifier>
    </Filter>
  </ItemGroup>
</Project>
