
Microsoft Visual Studio Solution File, Format Version 12.00
# Visual Studio 15
VisualStudioVersion = 15.0.28010.2019
MinimumVisualStudioVersion = 10.0.40219.1
Project("{8BC9CEB8-8B4A-11D0-8D11-00A0C91BC942}") = "01_Matrix", "01_Matrix\01_Matrix.vcxproj", "{229BFA78-C803-456E-ADFF-DC759DFE644E}"
EndProject
Global
	GlobalSection(SolutionConfigurationPlatforms) = preSolution
		Debug|x64 = Debug|x64
		Debug|x86 = Debug|x86
		Release|x64 = Release|x64
		Release|x86 = Release|x86
	EndGlobalSection
	GlobalSection(ProjectConfigurationPlatforms) = postSolution
		{229BFA78-C803-456E-ADFF-DC759DFE644E}.Debug|x64.ActiveCfg = Debug|x64
		{229BFA78-C803-456E-ADFF-DC759DFE644E}.Debug|x64.Build.0 = Debug|x64
		{229BFA78-C803-456E-ADFF-DC759DFE644E}.Debug|x86.ActiveCfg = Debug|Win32
		{229BFA78-C803-456E-ADFF-DC759DFE644E}.Debug|x86.Build.0 = Debug|Win32
		{229BFA78-C803-456E-ADFF-DC759DFE644E}.Release|x64.ActiveCfg = Release|x64
		{229BFA78-C803-456E-ADFF-DC759DFE644E}.Release|x64.Build.0 = Release|x64
		{229BFA78-C803-456E-ADFF-DC759DFE644E}.Release|x86.ActiveCfg = Release|Win32
		{229BFA78-C803-456E-ADFF-DC759DFE644E}.Release|x86.Build.0 = Release|Win32
	EndGlobalSection
	GlobalSection(SolutionProperties) = preSolution
		HideSolutionNode = FALSE
	EndGlobalSection
	GlobalSection(ExtensibilityGlobals) = postSolution
		SolutionGuid = {55529304-0A13-485B-8C57-5BA0154F7B25}
	EndGlobalSection
EndGlobal
