
Microsoft Visual Studio Solution File, Format Version 12.00
# Visual Studio Version 17
VisualStudioVersion = 17.7.34221.43
MinimumVisualStudioVersion = 10.0.40219.1
Project("{8BC9CEB8-8B4A-11D0-8D11-00A0C91BC942}") = "ALL_BUILD", "ALL_BUILD.vcxproj", "{8E9450F4-BFAC-326D-9DA7-5DB8C4756730}"
	ProjectSection(ProjectDependencies) = postProject
		{7366FE54-2E04-3F2E-9900-B83B97E13AAD} = {7366FE54-2E04-3F2E-9900-B83B97E13AAD}
		{C27FAF95-6263-3983-AE13-31E822004D06} = {C27FAF95-6263-3983-AE13-31E822004D06}
		{566F0C09-AB08-3563-8EFD-EAF04CDADE9E} = {566F0C09-AB08-3563-8EFD-EAF04CDADE9E}
		{42AD912E-48B9-375F-B259-99302B4BA180} = {42AD912E-48B9-375F-B259-99302B4BA180}
		{D3C441EE-645A-31E3-9CBC-3ED8B745BAE8} = {D3C441EE-645A-31E3-9CBC-3ED8B745BAE8}
		{B4C7EC6B-B6B7-35A8-B37B-0657E3785DC4} = {B4C7EC6B-B6B7-35A8-B37B-0657E3785DC4}
	EndProjectSection
EndProject
Project("{8BC9CEB8-8B4A-11D0-8D11-00A0C91BC942}") = "ArExpression", "src\ArExpression.vcxproj", "{7366FE54-2E04-3F2E-9900-B83B97E13AAD}"
	ProjectSection(ProjectDependencies) = postProject
		{C27FAF95-6263-3983-AE13-31E822004D06} = {C27FAF95-6263-3983-AE13-31E822004D06}
	EndProjectSection
EndProject
Project("{8BC9CEB8-8B4A-11D0-8D11-00A0C91BC942}") = "ZERO_CHECK", "ZERO_CHECK.vcxproj", "{C27FAF95-6263-3983-AE13-31E822004D06}"
EndProject
Project("{8BC9CEB8-8B4A-11D0-8D11-00A0C91BC942}") = "gtest", "gtest\gtest.vcxproj", "{566F0C09-AB08-3563-8EFD-EAF04CDADE9E}"
	ProjectSection(ProjectDependencies) = postProject
		{C27FAF95-6263-3983-AE13-31E822004D06} = {C27FAF95-6263-3983-AE13-31E822004D06}
	EndProjectSection
EndProject
Project("{8BC9CEB8-8B4A-11D0-8D11-00A0C91BC942}") = "sample_ArExpression", "samples\sample_ArExpression.vcxproj", "{42AD912E-48B9-375F-B259-99302B4BA180}"
	ProjectSection(ProjectDependencies) = postProject
		{7366FE54-2E04-3F2E-9900-B83B97E13AAD} = {7366FE54-2E04-3F2E-9900-B83B97E13AAD}
		{C27FAF95-6263-3983-AE13-31E822004D06} = {C27FAF95-6263-3983-AE13-31E822004D06}
	EndProjectSection
EndProject
Project("{8BC9CEB8-8B4A-11D0-8D11-00A0C91BC942}") = "sample_stack", "samples\sample_stack.vcxproj", "{D3C441EE-645A-31E3-9CBC-3ED8B745BAE8}"
	ProjectSection(ProjectDependencies) = postProject
		{7366FE54-2E04-3F2E-9900-B83B97E13AAD} = {7366FE54-2E04-3F2E-9900-B83B97E13AAD}
		{C27FAF95-6263-3983-AE13-31E822004D06} = {C27FAF95-6263-3983-AE13-31E822004D06}
	EndProjectSection
EndProject
Project("{8BC9CEB8-8B4A-11D0-8D11-00A0C91BC942}") = "tests_ArExpression", "tests\tests_ArExpression.vcxproj", "{B4C7EC6B-B6B7-35A8-B37B-0657E3785DC4}"
	ProjectSection(ProjectDependencies) = postProject
		{7366FE54-2E04-3F2E-9900-B83B97E13AAD} = {7366FE54-2E04-3F2E-9900-B83B97E13AAD}
		{C27FAF95-6263-3983-AE13-31E822004D06} = {C27FAF95-6263-3983-AE13-31E822004D06}
		{566F0C09-AB08-3563-8EFD-EAF04CDADE9E} = {566F0C09-AB08-3563-8EFD-EAF04CDADE9E}
	EndProjectSection
EndProject
Global
	GlobalSection(SolutionConfigurationPlatforms) = preSolution
		Debug|x64 = Debug|x64
		Release|x64 = Release|x64
	EndGlobalSection
	GlobalSection(ProjectConfigurationPlatforms) = postSolution
		{8E9450F4-BFAC-326D-9DA7-5DB8C4756730}.Debug|x64.ActiveCfg = Debug|x64
		{8E9450F4-BFAC-326D-9DA7-5DB8C4756730}.Release|x64.ActiveCfg = Release|x64
		{7366FE54-2E04-3F2E-9900-B83B97E13AAD}.Debug|x64.ActiveCfg = Debug|x64
		{7366FE54-2E04-3F2E-9900-B83B97E13AAD}.Debug|x64.Build.0 = Debug|x64
		{7366FE54-2E04-3F2E-9900-B83B97E13AAD}.Release|x64.ActiveCfg = Release|x64
		{7366FE54-2E04-3F2E-9900-B83B97E13AAD}.Release|x64.Build.0 = Release|x64
		{C27FAF95-6263-3983-AE13-31E822004D06}.Debug|x64.ActiveCfg = Debug|x64
		{C27FAF95-6263-3983-AE13-31E822004D06}.Debug|x64.Build.0 = Debug|x64
		{C27FAF95-6263-3983-AE13-31E822004D06}.Release|x64.ActiveCfg = Release|x64
		{C27FAF95-6263-3983-AE13-31E822004D06}.Release|x64.Build.0 = Release|x64
		{566F0C09-AB08-3563-8EFD-EAF04CDADE9E}.Debug|x64.ActiveCfg = Debug|x64
		{566F0C09-AB08-3563-8EFD-EAF04CDADE9E}.Debug|x64.Build.0 = Debug|x64
		{566F0C09-AB08-3563-8EFD-EAF04CDADE9E}.Release|x64.ActiveCfg = Release|x64
		{566F0C09-AB08-3563-8EFD-EAF04CDADE9E}.Release|x64.Build.0 = Release|x64
		{42AD912E-48B9-375F-B259-99302B4BA180}.Debug|x64.ActiveCfg = Debug|x64
		{42AD912E-48B9-375F-B259-99302B4BA180}.Debug|x64.Build.0 = Debug|x64
		{42AD912E-48B9-375F-B259-99302B4BA180}.Release|x64.ActiveCfg = Release|x64
		{42AD912E-48B9-375F-B259-99302B4BA180}.Release|x64.Build.0 = Release|x64
		{D3C441EE-645A-31E3-9CBC-3ED8B745BAE8}.Debug|x64.ActiveCfg = Debug|x64
		{D3C441EE-645A-31E3-9CBC-3ED8B745BAE8}.Debug|x64.Build.0 = Debug|x64
		{D3C441EE-645A-31E3-9CBC-3ED8B745BAE8}.Release|x64.ActiveCfg = Release|x64
		{D3C441EE-645A-31E3-9CBC-3ED8B745BAE8}.Release|x64.Build.0 = Release|x64
		{B4C7EC6B-B6B7-35A8-B37B-0657E3785DC4}.Debug|x64.ActiveCfg = Debug|x64
		{B4C7EC6B-B6B7-35A8-B37B-0657E3785DC4}.Debug|x64.Build.0 = Debug|x64
		{B4C7EC6B-B6B7-35A8-B37B-0657E3785DC4}.Release|x64.ActiveCfg = Release|x64
		{B4C7EC6B-B6B7-35A8-B37B-0657E3785DC4}.Release|x64.Build.0 = Release|x64
	EndGlobalSection
	GlobalSection(SolutionProperties) = preSolution
		HideSolutionNode = FALSE
	EndGlobalSection
	GlobalSection(ExtensibilityGlobals) = postSolution
		SolutionGuid = {F4274495-218A-339C-AE63-F29A2FDAB102}
	EndGlobalSection
EndGlobal
