<?xml version="1.0" encoding="utf-8"?>
<Project ToolsVersion="16.0" xmlns="http://schemas.microsoft.com/developer/msbuild/2003">
  <ItemGroup>
    <ClCompile Include="C:\Users\Admin\mp2-practice\OrlyukVS\01_lab_polynom\samples\main.cpp">
      <Filter>Source Files</Filter>
    </ClCompile>
  </ItemGroup>
  <ItemGroup>
    <CustomBuild Include="C:\Users\Admin\mp2-practice\OrlyukVS\01_lab_polynom\samples\CMakeLists.txt" />
  </ItemGroup>
  <ItemGroup>
    <Filter Include="Source Files">
      <UniqueIdentifier>{FDA3EB7F-0F5C-37B6-BB6D-617A49A58264}</UniqueIdentifier>
    </Filter>
  </ItemGroup>
</Project>
