<?xml version="1.0" encoding="utf-8"?>
<Project ToolsVersion="16.0" xmlns="http://schemas.microsoft.com/developer/msbuild/2003">
  <ItemGroup>
    <ClCompile Include="..\..\include\polinom.cpp" />
  </ItemGroup>
  <ItemGroup>
    <ClInclude Include="C:\Users\Admin\mp2-practice\OrlyukVS\01_lab_polynom\include\list.h">
      <Filter>Header Files</Filter>
    </ClInclude>
    <ClInclude Include="C:\Users\Admin\mp2-practice\OrlyukVS\01_lab_polynom\include\monom.h">
      <Filter>Header Files</Filter>
    </ClInclude>
    <ClInclude Include="C:\Users\Admin\mp2-practice\OrlyukVS\01_lab_polynom\include\polinom.h">
      <Filter>Header Files</Filter>
    </ClInclude>
  </ItemGroup>
  <ItemGroup>
    <CustomBuild Include="C:\Users\Admin\mp2-practice\OrlyukVS\01_lab_polynom\include\CMakeLists.txt" />
  </ItemGroup>
  <ItemGroup>
    <Filter Include="Header Files">
      <UniqueIdentifier>{C2B6194A-C37D-3B8B-BA14-4228D939DDAF}</UniqueIdentifier>
    </Filter>
    <Filter Include="Source Files">
      <UniqueIdentifier>{FDA3EB7F-0F5C-37B6-BB6D-617A49A58264}</UniqueIdentifier>
    </Filter>
  </ItemGroup>
</Project>