<?xml version="1.0" encoding="utf-8"?>
<Project ToolsVersion="16.0" xmlns="http://schemas.microsoft.com/developer/msbuild/2003">
  <ItemGroup>
    <ClCompile Include="C:\Users\Александр\Documents\GitHub\mp2-practice\EreminAN\01_lab_polynoms\test\test_list.cpp">
      <Filter>Source Files</Filter>
    </ClCompile>
    <ClCompile Include="C:\Users\Александр\Documents\GitHub\mp2-practice\EreminAN\01_lab_polynoms\test\test_main.cpp">
      <Filter>Source Files</Filter>
    </ClCompile>
    <ClCompile Include="C:\Users\Александр\Documents\GitHub\mp2-practice\EreminAN\01_lab_polynoms\test\test_monom.cpp">
      <Filter>Source Files</Filter>
    </ClCompile>
    <ClCompile Include="C:\Users\Александр\Documents\GitHub\mp2-practice\EreminAN\01_lab_polynoms\test\test_polinom.cpp">
      <Filter>Source Files</Filter>
    </ClCompile>
  </ItemGroup>
  <ItemGroup>
    <CustomBuild Include="C:\Users\Александр\Documents\GitHub\mp2-practice\EreminAN\01_lab_polynoms\test\CMakeLists.txt" />
  </ItemGroup>
  <ItemGroup>
    <Filter Include="Source Files">
      <UniqueIdentifier>{16CD02D3-DEE4-3CB1-83B5-3C4FB7685423}</UniqueIdentifier>
    </Filter>
  </ItemGroup>
</Project>
