
Microsoft Visual Studio Solution File, Format Version 12.00
# Visual Studio 15
VisualStudioVersion = 15.0.27428.2037
MinimumVisualStudioVersion = 10.0.40219.1
Project("{8BC9CEB8-8B4A-11D0-8D11-00A0C91BC942}") = "Table", "Table.vcxproj", "{29D5F5A1-C1DB-4FDD-B2DA-6227169D46A6}"
	ProjectSection(ProjectDependencies) = postProject
		{7ACD7422-3C15-4E9C-81CC-E2BFCCAD898B} = {7ACD7422-3C15-4E9C-81CC-E2BFCCAD898B}
		{2E722B8C-D7D3-4048-94B8-9421D41BFEB3} = {2E722B8C-D7D3-4048-94B8-9421D41BFEB3}
		{C2DE7BE9-D3E7-4CC2-AC6E-9FA69D065978} = {C2DE7BE9-D3E7-4CC2-AC6E-9FA69D065978}
	EndProjectSection
EndProject
Project("{8BC9CEB8-8B4A-11D0-8D11-00A0C91BC942}") = "Gtest", "..\gtest\gtest.vcxproj", "{D7D5FB61-FB78-4034-880D-2B05813E2855}"
EndProject
Project("{8BC9CEB8-8B4A-11D0-8D11-00A0C91BC942}") = "Polinom_lib", "..\Polinom_lib\Polinom_lib.vcxproj", "{C2DE7BE9-D3E7-4CC2-AC6E-9FA69D065978}"
	ProjectSection(ProjectDependencies) = postProject
		{2E722B8C-D7D3-4048-94B8-9421D41BFEB3} = {2E722B8C-D7D3-4048-94B8-9421D41BFEB3}
	EndProjectSection
EndProject
Project("{8BC9CEB8-8B4A-11D0-8D11-00A0C91BC942}") = "Table_lib", "..\Table_lib\Table_lib.vcxproj", "{7ACD7422-3C15-4E9C-81CC-E2BFCCAD898B}"
	ProjectSection(ProjectDependencies) = postProject
		{2E722B8C-D7D3-4048-94B8-9421D41BFEB3} = {2E722B8C-D7D3-4048-94B8-9421D41BFEB3}
		{C2DE7BE9-D3E7-4CC2-AC6E-9FA69D065978} = {C2DE7BE9-D3E7-4CC2-AC6E-9FA69D065978}
	EndProjectSection
EndProject
Project("{8BC9CEB8-8B4A-11D0-8D11-00A0C91BC942}") = "Test", "..\Test\Test.vcxproj", "{6BD977C1-5E1A-4E32-B8F9-C91701B3AA56}"
	ProjectSection(ProjectDependencies) = postProject
		{7ACD7422-3C15-4E9C-81CC-E2BFCCAD898B} = {7ACD7422-3C15-4E9C-81CC-E2BFCCAD898B}
		{D7D5FB61-FB78-4034-880D-2B05813E2855} = {D7D5FB61-FB78-4034-880D-2B05813E2855}
		{2E722B8C-D7D3-4048-94B8-9421D41BFEB3} = {2E722B8C-D7D3-4048-94B8-9421D41BFEB3}
		{C2DE7BE9-D3E7-4CC2-AC6E-9FA69D065978} = {C2DE7BE9-D3E7-4CC2-AC6E-9FA69D065978}
	EndProjectSection
EndProject
Project("{8BC9CEB8-8B4A-11D0-8D11-00A0C91BC942}") = "List_lib", "..\List_lib\List_lib.vcxproj", "{2E722B8C-D7D3-4048-94B8-9421D41BFEB3}"
EndProject
Global
	GlobalSection(SolutionConfigurationPlatforms) = preSolution
		Debug|x64 = Debug|x64
		Debug|x86 = Debug|x86
		Release|x64 = Release|x64
		Release|x86 = Release|x86
	EndGlobalSection
	GlobalSection(ProjectConfigurationPlatforms) = postSolution
		{29D5F5A1-C1DB-4FDD-B2DA-6227169D46A6}.Debug|x64.ActiveCfg = Debug|x64
		{29D5F5A1-C1DB-4FDD-B2DA-6227169D46A6}.Debug|x64.Build.0 = Debug|x64
		{29D5F5A1-C1DB-4FDD-B2DA-6227169D46A6}.Debug|x86.ActiveCfg = Debug|Win32
		{29D5F5A1-C1DB-4FDD-B2DA-6227169D46A6}.Debug|x86.Build.0 = Debug|Win32
		{29D5F5A1-C1DB-4FDD-B2DA-6227169D46A6}.Release|x64.ActiveCfg = Release|x64
		{29D5F5A1-C1DB-4FDD-B2DA-6227169D46A6}.Release|x64.Build.0 = Release|x64
		{29D5F5A1-C1DB-4FDD-B2DA-6227169D46A6}.Release|x86.ActiveCfg = Release|Win32
		{29D5F5A1-C1DB-4FDD-B2DA-6227169D46A6}.Release|x86.Build.0 = Release|Win32
		{D7D5FB61-FB78-4034-880D-2B05813E2855}.Debug|x64.ActiveCfg = Debug|x64
		{D7D5FB61-FB78-4034-880D-2B05813E2855}.Debug|x64.Build.0 = Debug|x64
		{D7D5FB61-FB78-4034-880D-2B05813E2855}.Debug|x86.ActiveCfg = Debug|Win32
		{D7D5FB61-FB78-4034-880D-2B05813E2855}.Debug|x86.Build.0 = Debug|Win32
		{D7D5FB61-FB78-4034-880D-2B05813E2855}.Release|x64.ActiveCfg = Release|x64
		{D7D5FB61-FB78-4034-880D-2B05813E2855}.Release|x64.Build.0 = Release|x64
		{D7D5FB61-FB78-4034-880D-2B05813E2855}.Release|x86.ActiveCfg = Release|Win32
		{D7D5FB61-FB78-4034-880D-2B05813E2855}.Release|x86.Build.0 = Release|Win32
		{C2DE7BE9-D3E7-4CC2-AC6E-9FA69D065978}.Debug|x64.ActiveCfg = Debug|x64
		{C2DE7BE9-D3E7-4CC2-AC6E-9FA69D065978}.Debug|x64.Build.0 = Debug|x64
		{C2DE7BE9-D3E7-4CC2-AC6E-9FA69D065978}.Debug|x86.ActiveCfg = Debug|Win32
		{C2DE7BE9-D3E7-4CC2-AC6E-9FA69D065978}.Debug|x86.Build.0 = Debug|Win32
		{C2DE7BE9-D3E7-4CC2-AC6E-9FA69D065978}.Release|x64.ActiveCfg = Release|x64
		{C2DE7BE9-D3E7-4CC2-AC6E-9FA69D065978}.Release|x64.Build.0 = Release|x64
		{C2DE7BE9-D3E7-4CC2-AC6E-9FA69D065978}.Release|x86.ActiveCfg = Release|Win32
		{C2DE7BE9-D3E7-4CC2-AC6E-9FA69D065978}.Release|x86.Build.0 = Release|Win32
		{7ACD7422-3C15-4E9C-81CC-E2BFCCAD898B}.Debug|x64.ActiveCfg = Debug|x64
		{7ACD7422-3C15-4E9C-81CC-E2BFCCAD898B}.Debug|x64.Build.0 = Debug|x64
		{7ACD7422-3C15-4E9C-81CC-E2BFCCAD898B}.Debug|x86.ActiveCfg = Debug|Win32
		{7ACD7422-3C15-4E9C-81CC-E2BFCCAD898B}.Debug|x86.Build.0 = Debug|Win32
		{7ACD7422-3C15-4E9C-81CC-E2BFCCAD898B}.Release|x64.ActiveCfg = Release|x64
		{7ACD7422-3C15-4E9C-81CC-E2BFCCAD898B}.Release|x64.Build.0 = Release|x64
		{7ACD7422-3C15-4E9C-81CC-E2BFCCAD898B}.Release|x86.ActiveCfg = Release|Win32
		{7ACD7422-3C15-4E9C-81CC-E2BFCCAD898B}.Release|x86.Build.0 = Release|Win32
		{6BD977C1-5E1A-4E32-B8F9-C91701B3AA56}.Debug|x64.ActiveCfg = Debug|x64
		{6BD977C1-5E1A-4E32-B8F9-C91701B3AA56}.Debug|x64.Build.0 = Debug|x64
		{6BD977C1-5E1A-4E32-B8F9-C91701B3AA56}.Debug|x86.ActiveCfg = Debug|Win32
		{6BD977C1-5E1A-4E32-B8F9-C91701B3AA56}.Debug|x86.Build.0 = Debug|Win32
		{6BD977C1-5E1A-4E32-B8F9-C91701B3AA56}.Release|x64.ActiveCfg = Release|x64
		{6BD977C1-5E1A-4E32-B8F9-C91701B3AA56}.Release|x64.Build.0 = Release|x64
		{6BD977C1-5E1A-4E32-B8F9-C91701B3AA56}.Release|x86.ActiveCfg = Release|Win32
		{6BD977C1-5E1A-4E32-B8F9-C91701B3AA56}.Release|x86.Build.0 = Release|Win32
		{2E722B8C-D7D3-4048-94B8-9421D41BFEB3}.Debug|x64.ActiveCfg = Debug|x64
		{2E722B8C-D7D3-4048-94B8-9421D41BFEB3}.Debug|x64.Build.0 = Debug|x64
		{2E722B8C-D7D3-4048-94B8-9421D41BFEB3}.Debug|x86.ActiveCfg = Debug|Win32
		{2E722B8C-D7D3-4048-94B8-9421D41BFEB3}.Debug|x86.Build.0 = Debug|Win32
		{2E722B8C-D7D3-4048-94B8-9421D41BFEB3}.Release|x64.ActiveCfg = Release|x64
		{2E722B8C-D7D3-4048-94B8-9421D41BFEB3}.Release|x64.Build.0 = Release|x64
		{2E722B8C-D7D3-4048-94B8-9421D41BFEB3}.Release|x86.ActiveCfg = Release|Win32
		{2E722B8C-D7D3-4048-94B8-9421D41BFEB3}.Release|x86.Build.0 = Release|Win32
	EndGlobalSection
	GlobalSection(SolutionProperties) = preSolution
		HideSolutionNode = FALSE
	EndGlobalSection
	GlobalSection(ExtensibilityGlobals) = postSolution
		SolutionGuid = {77443D4A-3465-430B-9271-9D2484446E39}
	EndGlobalSection
EndGlobal
