<?xml version="1.0" encoding="utf-8"?>
<Project ToolsVersion="16.0" xmlns="http://schemas.microsoft.com/developer/msbuild/2003">
  <ItemGroup>
    <ClCompile Include="C:\Game\Proga\mp2-practice\ShipilovAY\01_lab_polymons\gtest\gtest-all.cc">
      <Filter>Source Files</Filter>
    </ClCompile>
  </ItemGroup>
  <ItemGroup>
    <ClInclude Include="C:\Game\Proga\mp2-practice\ShipilovAY\01_lab_polymons\gtest\gtest.h">
      <Filter>Header Files</Filter>
    </ClInclude>
  </ItemGroup>
  <ItemGroup>
    <CustomBuild Include="C:\Game\Proga\mp2-practice\ShipilovAY\01_lab_polymons\gtest\CMakeLists.txt" />
  </ItemGroup>
  <ItemGroup>
    <Filter Include="Header Files">
      <UniqueIdentifier>{99C0AB23-0226-38AF-9F11-3A973B572814}</UniqueIdentifier>
    </Filter>
    <Filter Include="Source Files">
      <UniqueIdentifier>{353CD791-918E-374D-8D7B-640DAB94E762}</UniqueIdentifier>
    </Filter>
  </ItemGroup>
</Project>
