
Microsoft Visual Studio Solution File, Format Version 12.00
# Visual Studio Version 16
VisualStudioVersion = 16.0.30320.27
MinimumVisualStudioVersion = 10.0.40219.1
Project("{8BC9CEB8-8B4A-11D0-8D11-00A0C91BC942}") = "Heap", "Heap\Heap.vcxproj", "{3C8B03E3-EBFA-4DCF-821D-C4845CD21AD2}"
EndProject
Project("{8BC9CEB8-8B4A-11D0-8D11-00A0C91BC942}") = "Sample_for_HeapSort", "sample\Sample_for_HeapSort\Sample_for_HeapSort.vcxproj", "{0EAD52A6-B538-4735-94B7-97B0941D85D6}"
EndProject
Project("{8BC9CEB8-8B4A-11D0-8D11-00A0C91BC942}") = "Sample_for_Kruskal's_Algorithm", "sample\Sample_for_Kruskal's_Algorithm\Sample_for_Kruskal's_Algorithm.vcxproj", "{595ED603-2A30-4C9B-AF40-1FAA752C46F5}"
EndProject
Project("{8BC9CEB8-8B4A-11D0-8D11-00A0C91BC942}") = "Sample_for_Dijkstra's_Algorithm", "sample\Sample_for_Dijkstra's_Algorithm\Sample_for_Dijkstra's_Algorithm.vcxproj", "{71D202E7-D0D9-47A2-8C69-E6066190988E}"
EndProject
Global
	GlobalSection(SolutionConfigurationPlatforms) = preSolution
		Debug|x64 = Debug|x64
		Debug|x86 = Debug|x86
		Release|x64 = Release|x64
		Release|x86 = Release|x86
	EndGlobalSection
	GlobalSection(ProjectConfigurationPlatforms) = postSolution
		{3C8B03E3-EBFA-4DCF-821D-C4845CD21AD2}.Debug|x64.ActiveCfg = Debug|x64
		{3C8B03E3-EBFA-4DCF-821D-C4845CD21AD2}.Debug|x64.Build.0 = Debug|x64
		{3C8B03E3-EBFA-4DCF-821D-C4845CD21AD2}.Debug|x86.ActiveCfg = Debug|Win32
		{3C8B03E3-EBFA-4DCF-821D-C4845CD21AD2}.Debug|x86.Build.0 = Debug|Win32
		{3C8B03E3-EBFA-4DCF-821D-C4845CD21AD2}.Release|x64.ActiveCfg = Release|x64
		{3C8B03E3-EBFA-4DCF-821D-C4845CD21AD2}.Release|x64.Build.0 = Release|x64
		{3C8B03E3-EBFA-4DCF-821D-C4845CD21AD2}.Release|x86.ActiveCfg = Release|Win32
		{3C8B03E3-EBFA-4DCF-821D-C4845CD21AD2}.Release|x86.Build.0 = Release|Win32
		{0EAD52A6-B538-4735-94B7-97B0941D85D6}.Debug|x64.ActiveCfg = Debug|x64
		{0EAD52A6-B538-4735-94B7-97B0941D85D6}.Debug|x64.Build.0 = Debug|x64
		{0EAD52A6-B538-4735-94B7-97B0941D85D6}.Debug|x86.ActiveCfg = Debug|Win32
		{0EAD52A6-B538-4735-94B7-97B0941D85D6}.Debug|x86.Build.0 = Debug|Win32
		{0EAD52A6-B538-4735-94B7-97B0941D85D6}.Release|x64.ActiveCfg = Release|x64
		{0EAD52A6-B538-4735-94B7-97B0941D85D6}.Release|x64.Build.0 = Release|x64
		{0EAD52A6-B538-4735-94B7-97B0941D85D6}.Release|x86.ActiveCfg = Release|Win32
		{0EAD52A6-B538-4735-94B7-97B0941D85D6}.Release|x86.Build.0 = Release|Win32
		{595ED603-2A30-4C9B-AF40-1FAA752C46F5}.Debug|x64.ActiveCfg = Debug|x64
		{595ED603-2A30-4C9B-AF40-1FAA752C46F5}.Debug|x64.Build.0 = Debug|x64
		{595ED603-2A30-4C9B-AF40-1FAA752C46F5}.Debug|x86.ActiveCfg = Debug|Win32
		{595ED603-2A30-4C9B-AF40-1FAA752C46F5}.Debug|x86.Build.0 = Debug|Win32
		{595ED603-2A30-4C9B-AF40-1FAA752C46F5}.Release|x64.ActiveCfg = Release|x64
		{595ED603-2A30-4C9B-AF40-1FAA752C46F5}.Release|x64.Build.0 = Release|x64
		{595ED603-2A30-4C9B-AF40-1FAA752C46F5}.Release|x86.ActiveCfg = Release|Win32
		{595ED603-2A30-4C9B-AF40-1FAA752C46F5}.Release|x86.Build.0 = Release|Win32
		{71D202E7-D0D9-47A2-8C69-E6066190988E}.Debug|x64.ActiveCfg = Debug|x64
		{71D202E7-D0D9-47A2-8C69-E6066190988E}.Debug|x64.Build.0 = Debug|x64
		{71D202E7-D0D9-47A2-8C69-E6066190988E}.Debug|x86.ActiveCfg = Debug|Win32
		{71D202E7-D0D9-47A2-8C69-E6066190988E}.Debug|x86.Build.0 = Debug|Win32
		{71D202E7-D0D9-47A2-8C69-E6066190988E}.Release|x64.ActiveCfg = Release|x64
		{71D202E7-D0D9-47A2-8C69-E6066190988E}.Release|x64.Build.0 = Release|x64
		{71D202E7-D0D9-47A2-8C69-E6066190988E}.Release|x86.ActiveCfg = Release|Win32
		{71D202E7-D0D9-47A2-8C69-E6066190988E}.Release|x86.Build.0 = Release|Win32
	EndGlobalSection
	GlobalSection(SolutionProperties) = preSolution
		HideSolutionNode = FALSE
	EndGlobalSection
	GlobalSection(ExtensibilityGlobals) = postSolution
		SolutionGuid = {5ED3242B-CF31-4874-8627-E30D50DF1D11}
	EndGlobalSection
EndGlobal
