<?xml version="1.0" encoding="utf-8"?>
<Project ToolsVersion="16.0" xmlns="http://schemas.microsoft.com/developer/msbuild/2003">
  <ItemGroup>
    <CustomBuild Include="C:\Projects\mp2-practice\BoyarintsevAE\01_lab_polymons\sln\CMakeFiles\2009b174336220686aecb7f552f016d4\generate.stamp.rule">
      <Filter>CMake Rules</Filter>
    </CustomBuild>
  </ItemGroup>
  <ItemGroup>
    <Filter Include="CMake Rules">
      <UniqueIdentifier>{E1C19A4D-2DF2-367F-8E42-E80DB8952E69}</UniqueIdentifier>
    </Filter>
  </ItemGroup>
</Project>
