
Microsoft Visual Studio Solution File, Format Version 12.00
# Visual Studio Version 16
Project("{8BC9CEB8-8B4A-11D0-8D11-00A0C91BC942}") = "ALL_BUILD", "ALL_BUILD.vcxproj", "{3F8380C8-5518-39D3-9547-790FB8100196}"
	ProjectSection(ProjectDependencies) = postProject
		{E3B11F6D-926E-3C6F-BD1C-71C31869741D} = {E3B11F6D-926E-3C6F-BD1C-71C31869741D}
		{E0E9615F-229E-35E0-A497-F914CA53DBDA} = {E0E9615F-229E-35E0-A497-F914CA53DBDA}
		{31C0BADC-AF02-38C2-B5C2-27BCBCDC0EDD} = {31C0BADC-AF02-38C2-B5C2-27BCBCDC0EDD}
		{8CB73B45-E544-3448-B1AD-259881A42860} = {8CB73B45-E544-3448-B1AD-259881A42860}
		{6AA6C5EB-11F9-33BE-98E2-EF3A5DBD666E} = {6AA6C5EB-11F9-33BE-98E2-EF3A5DBD666E}
	EndProjectSection
EndProject
Project("{8BC9CEB8-8B4A-11D0-8D11-00A0C91BC942}") = "ZERO_CHECK", "ZERO_CHECK.vcxproj", "{E3B11F6D-926E-3C6F-BD1C-71C31869741D}"
	ProjectSection(ProjectDependencies) = postProject
	EndProjectSection
EndProject
Project("{8BC9CEB8-8B4A-11D0-8D11-00A0C91BC942}") = "gtest", "gtest\gtest.vcxproj", "{E0E9615F-229E-35E0-A497-F914CA53DBDA}"
	ProjectSection(ProjectDependencies) = postProject
		{E3B11F6D-926E-3C6F-BD1C-71C31869741D} = {E3B11F6D-926E-3C6F-BD1C-71C31869741D}
	EndProjectSection
EndProject
Project("{8BC9CEB8-8B4A-11D0-8D11-00A0C91BC942}") = "polynoms", "src\polynoms.vcxproj", "{31C0BADC-AF02-38C2-B5C2-27BCBCDC0EDD}"
	ProjectSection(ProjectDependencies) = postProject
		{E3B11F6D-926E-3C6F-BD1C-71C31869741D} = {E3B11F6D-926E-3C6F-BD1C-71C31869741D}
	EndProjectSection
EndProject
Project("{8BC9CEB8-8B4A-11D0-8D11-00A0C91BC942}") = "polynoms_sample", "samples\polynoms_sample.vcxproj", "{8CB73B45-E544-3448-B1AD-259881A42860}"
	ProjectSection(ProjectDependencies) = postProject
		{E3B11F6D-926E-3C6F-BD1C-71C31869741D} = {E3B11F6D-926E-3C6F-BD1C-71C31869741D}
		{31C0BADC-AF02-38C2-B5C2-27BCBCDC0EDD} = {31C0BADC-AF02-38C2-B5C2-27BCBCDC0EDD}
	EndProjectSection
EndProject
Project("{8BC9CEB8-8B4A-11D0-8D11-00A0C91BC942}") = "polynoms_test", "tests\polynoms_test.vcxproj", "{6AA6C5EB-11F9-33BE-98E2-EF3A5DBD666E}"
	ProjectSection(ProjectDependencies) = postProject
		{E3B11F6D-926E-3C6F-BD1C-71C31869741D} = {E3B11F6D-926E-3C6F-BD1C-71C31869741D}
		{E0E9615F-229E-35E0-A497-F914CA53DBDA} = {E0E9615F-229E-35E0-A497-F914CA53DBDA}
		{31C0BADC-AF02-38C2-B5C2-27BCBCDC0EDD} = {31C0BADC-AF02-38C2-B5C2-27BCBCDC0EDD}
	EndProjectSection
EndProject
Global
	GlobalSection(SolutionConfigurationPlatforms) = preSolution
		Debug|x64 = Debug|x64
		Release|x64 = Release|x64
	EndGlobalSection
	GlobalSection(ProjectConfigurationPlatforms) = postSolution
		{3F8380C8-5518-39D3-9547-790FB8100196}.Debug|x64.ActiveCfg = Debug|x64
		{3F8380C8-5518-39D3-9547-790FB8100196}.Release|x64.ActiveCfg = Release|x64
		{E3B11F6D-926E-3C6F-BD1C-71C31869741D}.Debug|x64.ActiveCfg = Debug|x64
		{E3B11F6D-926E-3C6F-BD1C-71C31869741D}.Debug|x64.Build.0 = Debug|x64
		{E3B11F6D-926E-3C6F-BD1C-71C31869741D}.Release|x64.ActiveCfg = Release|x64
		{E3B11F6D-926E-3C6F-BD1C-71C31869741D}.Release|x64.Build.0 = Release|x64
		{E0E9615F-229E-35E0-A497-F914CA53DBDA}.Debug|x64.ActiveCfg = Debug|x64
		{E0E9615F-229E-35E0-A497-F914CA53DBDA}.Debug|x64.Build.0 = Debug|x64
		{E0E9615F-229E-35E0-A497-F914CA53DBDA}.Release|x64.ActiveCfg = Release|x64
		{E0E9615F-229E-35E0-A497-F914CA53DBDA}.Release|x64.Build.0 = Release|x64
		{31C0BADC-AF02-38C2-B5C2-27BCBCDC0EDD}.Debug|x64.ActiveCfg = Debug|x64
		{31C0BADC-AF02-38C2-B5C2-27BCBCDC0EDD}.Debug|x64.Build.0 = Debug|x64
		{31C0BADC-AF02-38C2-B5C2-27BCBCDC0EDD}.Release|x64.ActiveCfg = Release|x64
		{31C0BADC-AF02-38C2-B5C2-27BCBCDC0EDD}.Release|x64.Build.0 = Release|x64
		{8CB73B45-E544-3448-B1AD-259881A42860}.Debug|x64.ActiveCfg = Debug|x64
		{8CB73B45-E544-3448-B1AD-259881A42860}.Debug|x64.Build.0 = Debug|x64
		{8CB73B45-E544-3448-B1AD-259881A42860}.Release|x64.ActiveCfg = Release|x64
		{8CB73B45-E544-3448-B1AD-259881A42860}.Release|x64.Build.0 = Release|x64
		{6AA6C5EB-11F9-33BE-98E2-EF3A5DBD666E}.Debug|x64.ActiveCfg = Debug|x64
		{6AA6C5EB-11F9-33BE-98E2-EF3A5DBD666E}.Debug|x64.Build.0 = Debug|x64
		{6AA6C5EB-11F9-33BE-98E2-EF3A5DBD666E}.Release|x64.ActiveCfg = Release|x64
		{6AA6C5EB-11F9-33BE-98E2-EF3A5DBD666E}.Release|x64.Build.0 = Release|x64
	EndGlobalSection
	GlobalSection(ExtensibilityGlobals) = postSolution
		SolutionGuid = {3B25EC8D-6B4E-3C6A-9AA4-F799CD297B7D}
	EndGlobalSection
	GlobalSection(ExtensibilityAddIns) = postSolution
	EndGlobalSection
EndGlobal
