
Microsoft Visual Studio Solution File, Format Version 12.00
# Visual Studio Version 16
Project("{8BC9CEB8-8B4A-11D0-8D11-00A0C91BC942}") = "ALL_BUILD", "ALL_BUILD.vcxproj", "{3F8380C8-5518-39D3-9547-790FB8100196}"
	ProjectSection(ProjectDependencies) = postProject
		{E3B11F6D-926E-3C6F-BD1C-71C31869741D} = {E3B11F6D-926E-3C6F-BD1C-71C31869741D}
		{E0E9615F-229E-35E0-A497-F914CA53DBDA} = {E0E9615F-229E-35E0-A497-F914CA53DBDA}
		{2FECFE67-F308-3E1E-9805-F2FBB782B5CD} = {2FECFE67-F308-3E1E-9805-F2FBB782B5CD}
		{9CEF9B97-D7D0-3B9F-9D85-88F4D2EB5A46} = {9CEF9B97-D7D0-3B9F-9D85-88F4D2EB5A46}
		{314C62A5-4F6C-33A6-920A-F759E72C5A51} = {314C62A5-4F6C-33A6-920A-F759E72C5A51}
		{8E733924-ECC1-36EF-BF50-CC6575BD0D62} = {8E733924-ECC1-36EF-BF50-CC6575BD0D62}
	EndProjectSection
EndProject
Project("{8BC9CEB8-8B4A-11D0-8D11-00A0C91BC942}") = "ZERO_CHECK", "ZERO_CHECK.vcxproj", "{E3B11F6D-926E-3C6F-BD1C-71C31869741D}"
	ProjectSection(ProjectDependencies) = postProject
	EndProjectSection
EndProject
Project("{8BC9CEB8-8B4A-11D0-8D11-00A0C91BC942}") = "gtest", "gtest\gtest.vcxproj", "{E0E9615F-229E-35E0-A497-F914CA53DBDA}"
	ProjectSection(ProjectDependencies) = postProject
		{E3B11F6D-926E-3C6F-BD1C-71C31869741D} = {E3B11F6D-926E-3C6F-BD1C-71C31869741D}
	EndProjectSection
EndProject
Project("{8BC9CEB8-8B4A-11D0-8D11-00A0C91BC942}") = "include", "include\include.vcxproj", "{2FECFE67-F308-3E1E-9805-F2FBB782B5CD}"
	ProjectSection(ProjectDependencies) = postProject
		{E3B11F6D-926E-3C6F-BD1C-71C31869741D} = {E3B11F6D-926E-3C6F-BD1C-71C31869741D}
	EndProjectSection
EndProject
Project("{8BC9CEB8-8B4A-11D0-8D11-00A0C91BC942}") = "samples", "samples\samples.vcxproj", "{9CEF9B97-D7D0-3B9F-9D85-88F4D2EB5A46}"
	ProjectSection(ProjectDependencies) = postProject
		{E3B11F6D-926E-3C6F-BD1C-71C31869741D} = {E3B11F6D-926E-3C6F-BD1C-71C31869741D}
		{2FECFE67-F308-3E1E-9805-F2FBB782B5CD} = {2FECFE67-F308-3E1E-9805-F2FBB782B5CD}
	EndProjectSection
EndProject
Project("{8BC9CEB8-8B4A-11D0-8D11-00A0C91BC942}") = "src", "src\src.vcxproj", "{314C62A5-4F6C-33A6-920A-F759E72C5A51}"
	ProjectSection(ProjectDependencies) = postProject
		{E3B11F6D-926E-3C6F-BD1C-71C31869741D} = {E3B11F6D-926E-3C6F-BD1C-71C31869741D}
		{2FECFE67-F308-3E1E-9805-F2FBB782B5CD} = {2FECFE67-F308-3E1E-9805-F2FBB782B5CD}
	EndProjectSection
EndProject
Project("{8BC9CEB8-8B4A-11D0-8D11-00A0C91BC942}") = "test", "test\test.vcxproj", "{8E733924-ECC1-36EF-BF50-CC6575BD0D62}"
	ProjectSection(ProjectDependencies) = postProject
		{E3B11F6D-926E-3C6F-BD1C-71C31869741D} = {E3B11F6D-926E-3C6F-BD1C-71C31869741D}
		{E0E9615F-229E-35E0-A497-F914CA53DBDA} = {E0E9615F-229E-35E0-A497-F914CA53DBDA}
		{2FECFE67-F308-3E1E-9805-F2FBB782B5CD} = {2FECFE67-F308-3E1E-9805-F2FBB782B5CD}
	EndProjectSection
EndProject
Global
	GlobalSection(SolutionConfigurationPlatforms) = preSolution
		Debug|x64 = Debug|x64
		Release|x64 = Release|x64
		MinSizeRel|x64 = MinSizeRel|x64
		RelWithDebInfo|x64 = RelWithDebInfo|x64
	EndGlobalSection
	GlobalSection(ProjectConfigurationPlatforms) = postSolution
		{3F8380C8-5518-39D3-9547-790FB8100196}.Debug|x64.ActiveCfg = Debug|x64
		{3F8380C8-5518-39D3-9547-790FB8100196}.Release|x64.ActiveCfg = Release|x64
		{3F8380C8-5518-39D3-9547-790FB8100196}.MinSizeRel|x64.ActiveCfg = MinSizeRel|x64
		{3F8380C8-5518-39D3-9547-790FB8100196}.RelWithDebInfo|x64.ActiveCfg = RelWithDebInfo|x64
		{E3B11F6D-926E-3C6F-BD1C-71C31869741D}.Debug|x64.ActiveCfg = Debug|x64
		{E3B11F6D-926E-3C6F-BD1C-71C31869741D}.Debug|x64.Build.0 = Debug|x64
		{E3B11F6D-926E-3C6F-BD1C-71C31869741D}.Release|x64.ActiveCfg = Release|x64
		{E3B11F6D-926E-3C6F-BD1C-71C31869741D}.Release|x64.Build.0 = Release|x64
		{E3B11F6D-926E-3C6F-BD1C-71C31869741D}.MinSizeRel|x64.ActiveCfg = MinSizeRel|x64
		{E3B11F6D-926E-3C6F-BD1C-71C31869741D}.MinSizeRel|x64.Build.0 = MinSizeRel|x64
		{E3B11F6D-926E-3C6F-BD1C-71C31869741D}.RelWithDebInfo|x64.ActiveCfg = RelWithDebInfo|x64
		{E3B11F6D-926E-3C6F-BD1C-71C31869741D}.RelWithDebInfo|x64.Build.0 = RelWithDebInfo|x64
		{E0E9615F-229E-35E0-A497-F914CA53DBDA}.Debug|x64.ActiveCfg = Debug|x64
		{E0E9615F-229E-35E0-A497-F914CA53DBDA}.Debug|x64.Build.0 = Debug|x64
		{E0E9615F-229E-35E0-A497-F914CA53DBDA}.Release|x64.ActiveCfg = Release|x64
		{E0E9615F-229E-35E0-A497-F914CA53DBDA}.Release|x64.Build.0 = Release|x64
		{E0E9615F-229E-35E0-A497-F914CA53DBDA}.MinSizeRel|x64.ActiveCfg = MinSizeRel|x64
		{E0E9615F-229E-35E0-A497-F914CA53DBDA}.MinSizeRel|x64.Build.0 = MinSizeRel|x64
		{E0E9615F-229E-35E0-A497-F914CA53DBDA}.RelWithDebInfo|x64.ActiveCfg = RelWithDebInfo|x64
		{E0E9615F-229E-35E0-A497-F914CA53DBDA}.RelWithDebInfo|x64.Build.0 = RelWithDebInfo|x64
		{2FECFE67-F308-3E1E-9805-F2FBB782B5CD}.Debug|x64.ActiveCfg = Debug|x64
		{2FECFE67-F308-3E1E-9805-F2FBB782B5CD}.Debug|x64.Build.0 = Debug|x64
		{2FECFE67-F308-3E1E-9805-F2FBB782B5CD}.Release|x64.ActiveCfg = Release|x64
		{2FECFE67-F308-3E1E-9805-F2FBB782B5CD}.Release|x64.Build.0 = Release|x64
		{2FECFE67-F308-3E1E-9805-F2FBB782B5CD}.MinSizeRel|x64.ActiveCfg = MinSizeRel|x64
		{2FECFE67-F308-3E1E-9805-F2FBB782B5CD}.MinSizeRel|x64.Build.0 = MinSizeRel|x64
		{2FECFE67-F308-3E1E-9805-F2FBB782B5CD}.RelWithDebInfo|x64.ActiveCfg = RelWithDebInfo|x64
		{2FECFE67-F308-3E1E-9805-F2FBB782B5CD}.RelWithDebInfo|x64.Build.0 = RelWithDebInfo|x64
		{9CEF9B97-D7D0-3B9F-9D85-88F4D2EB5A46}.Debug|x64.ActiveCfg = Debug|x64
		{9CEF9B97-D7D0-3B9F-9D85-88F4D2EB5A46}.Debug|x64.Build.0 = Debug|x64
		{9CEF9B97-D7D0-3B9F-9D85-88F4D2EB5A46}.Release|x64.ActiveCfg = Release|x64
		{9CEF9B97-D7D0-3B9F-9D85-88F4D2EB5A46}.Release|x64.Build.0 = Release|x64
		{9CEF9B97-D7D0-3B9F-9D85-88F4D2EB5A46}.MinSizeRel|x64.ActiveCfg = MinSizeRel|x64
		{9CEF9B97-D7D0-3B9F-9D85-88F4D2EB5A46}.MinSizeRel|x64.Build.0 = MinSizeRel|x64
		{9CEF9B97-D7D0-3B9F-9D85-88F4D2EB5A46}.RelWithDebInfo|x64.ActiveCfg = RelWithDebInfo|x64
		{9CEF9B97-D7D0-3B9F-9D85-88F4D2EB5A46}.RelWithDebInfo|x64.Build.0 = RelWithDebInfo|x64
		{314C62A5-4F6C-33A6-920A-F759E72C5A51}.Debug|x64.ActiveCfg = Debug|x64
		{314C62A5-4F6C-33A6-920A-F759E72C5A51}.Debug|x64.Build.0 = Debug|x64
		{314C62A5-4F6C-33A6-920A-F759E72C5A51}.Release|x64.ActiveCfg = Release|x64
		{314C62A5-4F6C-33A6-920A-F759E72C5A51}.Release|x64.Build.0 = Release|x64
		{314C62A5-4F6C-33A6-920A-F759E72C5A51}.MinSizeRel|x64.ActiveCfg = MinSizeRel|x64
		{314C62A5-4F6C-33A6-920A-F759E72C5A51}.MinSizeRel|x64.Build.0 = MinSizeRel|x64
		{314C62A5-4F6C-33A6-920A-F759E72C5A51}.RelWithDebInfo|x64.ActiveCfg = RelWithDebInfo|x64
		{314C62A5-4F6C-33A6-920A-F759E72C5A51}.RelWithDebInfo|x64.Build.0 = RelWithDebInfo|x64
		{8E733924-ECC1-36EF-BF50-CC6575BD0D62}.Debug|x64.ActiveCfg = Debug|x64
		{8E733924-ECC1-36EF-BF50-CC6575BD0D62}.Debug|x64.Build.0 = Debug|x64
		{8E733924-ECC1-36EF-BF50-CC6575BD0D62}.Release|x64.ActiveCfg = Release|x64
		{8E733924-ECC1-36EF-BF50-CC6575BD0D62}.Release|x64.Build.0 = Release|x64
		{8E733924-ECC1-36EF-BF50-CC6575BD0D62}.MinSizeRel|x64.ActiveCfg = MinSizeRel|x64
		{8E733924-ECC1-36EF-BF50-CC6575BD0D62}.MinSizeRel|x64.Build.0 = MinSizeRel|x64
		{8E733924-ECC1-36EF-BF50-CC6575BD0D62}.RelWithDebInfo|x64.ActiveCfg = RelWithDebInfo|x64
		{8E733924-ECC1-36EF-BF50-CC6575BD0D62}.RelWithDebInfo|x64.Build.0 = RelWithDebInfo|x64
	EndGlobalSection
	GlobalSection(ExtensibilityGlobals) = postSolution
		SolutionGuid = {823DAC2F-B0FC-3060-B782-CF75D13C8A8D}
	EndGlobalSection
	GlobalSection(ExtensibilityAddIns) = postSolution
	EndGlobalSection
EndGlobal
